
Microsoft Visual Studio Solution File, Format Version 12.00
# Visual Studio Version 16
VisualStudioVersion = 16.0.29509.3
MinimumVisualStudioVersion = 10.0.40219.1
Project("{FAE04EC0-301F-11D3-BF4B-00C04F79EFBC}") = "escout.Android", "escout.Android\escout.Android.csproj", "{D83B29EE-72E9-42A2-8FEB-3FBB0AC24A4C}"
EndProject
Project("{FAE04EC0-301F-11D3-BF4B-00C04F79EFBC}") = "escout.iOS", "escout.iOS\escout.iOS.csproj", "{0580912B-A93F-42C4-BBFF-95A545413FE3}"
EndProject
Project("{FAE04EC0-301F-11D3-BF4B-00C04F79EFBC}") = "escout", "escout\escout.csproj", "{B771E88D-02CD-4FB8-8DB6-7DA138D5E56D}"
EndProject
Global
	GlobalSection(SolutionConfigurationPlatforms) = preSolution
		Debug|Any CPU = Debug|Any CPU
		Debug|iPhone = Debug|iPhone
		Debug|iPhoneSimulator = Debug|iPhoneSimulator
		Release|Any CPU = Release|Any CPU
		Release|iPhone = Release|iPhone
		Release|iPhoneSimulator = Release|iPhoneSimulator
	EndGlobalSection
	GlobalSection(ProjectConfigurationPlatforms) = postSolution
		{D83B29EE-72E9-42A2-8FEB-3FBB0AC24A4C}.Debug|Any CPU.ActiveCfg = Debug|Any CPU
		{D83B29EE-72E9-42A2-8FEB-3FBB0AC24A4C}.Debug|Any CPU.Build.0 = Debug|Any CPU
		{D83B29EE-72E9-42A2-8FEB-3FBB0AC24A4C}.Debug|Any CPU.Deploy.0 = Debug|Any CPU
		{D83B29EE-72E9-42A2-8FEB-3FBB0AC24A4C}.Debug|iPhone.ActiveCfg = Debug|Any CPU
		{D83B29EE-72E9-42A2-8FEB-3FBB0AC24A4C}.Debug|iPhone.Build.0 = Debug|Any CPU
		{D83B29EE-72E9-42A2-8FEB-3FBB0AC24A4C}.Debug|iPhone.Deploy.0 = Debug|Any CPU
		{D83B29EE-72E9-42A2-8FEB-3FBB0AC24A4C}.Debug|iPhoneSimulator.ActiveCfg = Debug|Any CPU
		{D83B29EE-72E9-42A2-8FEB-3FBB0AC24A4C}.Debug|iPhoneSimulator.Build.0 = Debug|Any CPU
		{D83B29EE-72E9-42A2-8FEB-3FBB0AC24A4C}.Debug|iPhoneSimulator.Deploy.0 = Debug|Any CPU
		{D83B29EE-72E9-42A2-8FEB-3FBB0AC24A4C}.Release|Any CPU.ActiveCfg = Release|Any CPU
		{D83B29EE-72E9-42A2-8FEB-3FBB0AC24A4C}.Release|Any CPU.Build.0 = Release|Any CPU
		{D83B29EE-72E9-42A2-8FEB-3FBB0AC24A4C}.Release|Any CPU.Deploy.0 = Release|Any CPU
		{D83B29EE-72E9-42A2-8FEB-3FBB0AC24A4C}.Release|iPhone.ActiveCfg = Release|Any CPU
		{D83B29EE-72E9-42A2-8FEB-3FBB0AC24A4C}.Release|iPhone.Build.0 = Release|Any CPU
		{D83B29EE-72E9-42A2-8FEB-3FBB0AC24A4C}.Release|iPhone.Deploy.0 = Release|Any CPU
		{D83B29EE-72E9-42A2-8FEB-3FBB0AC24A4C}.Release|iPhoneSimulator.ActiveCfg = Release|Any CPU
		{D83B29EE-72E9-42A2-8FEB-3FBB0AC24A4C}.Release|iPhoneSimulator.Build.0 = Release|Any CPU
		{D83B29EE-72E9-42A2-8FEB-3FBB0AC24A4C}.Release|iPhoneSimulator.Deploy.0 = Release|Any CPU
		{0580912B-A93F-42C4-BBFF-95A545413FE3}.Debug|Any CPU.ActiveCfg = Debug|iPhoneSimulator
		{0580912B-A93F-42C4-BBFF-95A545413FE3}.Debug|Any CPU.Build.0 = Debug|iPhoneSimulator
		{0580912B-A93F-42C4-BBFF-95A545413FE3}.Debug|Any CPU.Deploy.0 = Debug|iPhoneSimulator
		{0580912B-A93F-42C4-BBFF-95A545413FE3}.Debug|iPhone.ActiveCfg = Debug|iPhone
		{0580912B-A93F-42C4-BBFF-95A545413FE3}.Debug|iPhone.Build.0 = Debug|iPhone
		{0580912B-A93F-42C4-BBFF-95A545413FE3}.Debug|iPhone.Deploy.0 = Debug|iPhone
		{0580912B-A93F-42C4-BBFF-95A545413FE3}.Debug|iPhoneSimulator.ActiveCfg = Debug|iPhoneSimulator
		{0580912B-A93F-42C4-BBFF-95A545413FE3}.Debug|iPhoneSimulator.Build.0 = Debug|iPhoneSimulator
		{0580912B-A93F-42C4-BBFF-95A545413FE3}.Debug|iPhoneSimulator.Deploy.0 = Debug|iPhoneSimulator
		{0580912B-A93F-42C4-BBFF-95A545413FE3}.Release|Any CPU.ActiveCfg = Release|iPhone
		{0580912B-A93F-42C4-BBFF-95A545413FE3}.Release|Any CPU.Build.0 = Release|iPhone
		{0580912B-A93F-42C4-BBFF-95A545413FE3}.Release|Any CPU.Deploy.0 = Release|iPhone
		{0580912B-A93F-42C4-BBFF-95A545413FE3}.Release|iPhone.ActiveCfg = Release|iPhone
		{0580912B-A93F-42C4-BBFF-95A545413FE3}.Release|iPhone.Build.0 = Release|iPhone
		{0580912B-A93F-42C4-BBFF-95A545413FE3}.Release|iPhone.Deploy.0 = Release|iPhone
		{0580912B-A93F-42C4-BBFF-95A545413FE3}.Release|iPhoneSimulator.ActiveCfg = Release|iPhoneSimulator
		{0580912B-A93F-42C4-BBFF-95A545413FE3}.Release|iPhoneSimulator.Build.0 = Release|iPhoneSimulator
		{0580912B-A93F-42C4-BBFF-95A545413FE3}.Release|iPhoneSimulator.Deploy.0 = Release|iPhoneSimulator
		{B771E88D-02CD-4FB8-8DB6-7DA138D5E56D}.Debug|Any CPU.ActiveCfg = Debug|Any CPU
		{B771E88D-02CD-4FB8-8DB6-7DA138D5E56D}.Debug|Any CPU.Build.0 = Debug|Any CPU
		{B771E88D-02CD-4FB8-8DB6-7DA138D5E56D}.Debug|Any CPU.Deploy.0 = Debug|Any CPU
		{B771E88D-02CD-4FB8-8DB6-7DA138D5E56D}.Debug|iPhone.ActiveCfg = Debug|Any CPU
		{B771E88D-02CD-4FB8-8DB6-7DA138D5E56D}.Debug|iPhone.Build.0 = Debug|Any CPU
		{B771E88D-02CD-4FB8-8DB6-7DA138D5E56D}.Debug|iPhone.Deploy.0 = Debug|Any CPU
		{B771E88D-02CD-4FB8-8DB6-7DA138D5E56D}.Debug|iPhoneSimulator.ActiveCfg = Debug|Any CPU
		{B771E88D-02CD-4FB8-8DB6-7DA138D5E56D}.Debug|iPhoneSimulator.Build.0 = Debug|Any CPU
		{B771E88D-02CD-4FB8-8DB6-7DA138D5E56D}.Debug|iPhoneSimulator.Deploy.0 = Debug|Any CPU
		{B771E88D-02CD-4FB8-8DB6-7DA138D5E56D}.Release|Any CPU.ActiveCfg = Release|Any CPU
		{B771E88D-02CD-4FB8-8DB6-7DA138D5E56D}.Release|Any CPU.Build.0 = Release|Any CPU
		{B771E88D-02CD-4FB8-8DB6-7DA138D5E56D}.Release|Any CPU.Deploy.0 = Release|Any CPU
		{B771E88D-02CD-4FB8-8DB6-7DA138D5E56D}.Release|iPhone.ActiveCfg = Release|Any CPU
		{B771E88D-02CD-4FB8-8DB6-7DA138D5E56D}.Release|iPhone.Build.0 = Release|Any CPU
		{B771E88D-02CD-4FB8-8DB6-7DA138D5E56D}.Release|iPhone.Deploy.0 = Release|Any CPU
		{B771E88D-02CD-4FB8-8DB6-7DA138D5E56D}.Release|iPhoneSimulator.ActiveCfg = Release|Any CPU
		{B771E88D-02CD-4FB8-8DB6-7DA138D5E56D}.Release|iPhoneSimulator.Build.0 = Release|Any CPU
		{B771E88D-02CD-4FB8-8DB6-7DA138D5E56D}.Release|iPhoneSimulator.Deploy.0 = Release|Any CPU
	EndGlobalSection
	GlobalSection(SolutionProperties) = preSolution
		HideSolutionNode = FALSE
	EndGlobalSection
	GlobalSection(ExtensibilityGlobals) = postSolution
		SolutionGuid = {5885D2C5-4134-4C3E-B03A-F969AD6ED5AC}
	EndGlobalSection
EndGlobal
